
Microsoft Visual Studio Solution File, Format Version 12.00
# Visual Studio Version 17
VisualStudioVersion = 17.10.34916.146
MinimumVisualStudioVersion = 10.0.40219.1
Project("{FAE04EC0-301F-11D3-BF4B-00C04F79EFBC}") = "major-delivery-manager", "major-delivery-manager\major-delivery-manager.csproj", "{E229C39E-4983-48AA-A0D7-0F5481F916F2}"
EndProject
Global
	GlobalSection(SolutionConfigurationPlatforms) = preSolution
		Debug|Any CPU = Debug|Any CPU
		Release|Any CPU = Release|Any CPU
	EndGlobalSection
	GlobalSection(ProjectConfigurationPlatforms) = postSolution
		{E229C39E-4983-48AA-A0D7-0F5481F916F2}.Debug|Any CPU.ActiveCfg = Debug|Any CPU
		{E229C39E-4983-48AA-A0D7-0F5481F916F2}.Debug|Any CPU.Build.0 = Debug|Any CPU
		{E229C39E-4983-48AA-A0D7-0F5481F916F2}.Release|Any CPU.ActiveCfg = Release|Any CPU
		{E229C39E-4983-48AA-A0D7-0F5481F916F2}.Release|Any CPU.Build.0 = Release|Any CPU
	EndGlobalSection
	GlobalSection(SolutionProperties) = preSolution
		HideSolutionNode = FALSE
	EndGlobalSection
	GlobalSection(ExtensibilityGlobals) = postSolution
		SolutionGuid = {B2D75EF5-E179-44BA-8030-BD14FBEE2A6B}
	EndGlobalSection
EndGlobal
